
Microsoft Visual Studio Solution File, Format Version 12.00
# Visual Studio 15
VisualStudioVersion = 15.0.28307.1062
MinimumVisualStudioVersion = 10.0.40219.1
Project("{8BC9CEB8-8B4A-11D0-8D11-00A0C91BC942}") = "CraftopiaSaveTool", "CraftopiaSaveTool\CraftopiaSaveTool.vcxproj", "{065D7EBB-21B7-40A2-B369-E705E0CF83F7}"
EndProject
Global
	GlobalSection(SolutionConfigurationPlatforms) = preSolution
		Debug|Itanium = Debug|Itanium
		Debug|x64 = Debug|x64
		Debug|x86 = Debug|x86
		Release|Itanium = Release|Itanium
		Release|x64 = Release|x64
		Release|x86 = Release|x86
		ReleaseWithoutAsm|Itanium = ReleaseWithoutAsm|Itanium
		ReleaseWithoutAsm|x64 = ReleaseWithoutAsm|x64
		ReleaseWithoutAsm|x86 = ReleaseWithoutAsm|x86
	EndGlobalSection
	GlobalSection(ProjectConfigurationPlatforms) = postSolution
		{065D7EBB-21B7-40A2-B369-E705E0CF83F7}.Debug|Itanium.ActiveCfg = Debug|Win32
		{065D7EBB-21B7-40A2-B369-E705E0CF83F7}.Debug|x64.ActiveCfg = Debug|x64
		{065D7EBB-21B7-40A2-B369-E705E0CF83F7}.Debug|x64.Build.0 = Debug|x64
		{065D7EBB-21B7-40A2-B369-E705E0CF83F7}.Debug|x86.ActiveCfg = Debug|Win32
		{065D7EBB-21B7-40A2-B369-E705E0CF83F7}.Debug|x86.Build.0 = Debug|Win32
		{065D7EBB-21B7-40A2-B369-E705E0CF83F7}.Release|Itanium.ActiveCfg = Release|Win32
		{065D7EBB-21B7-40A2-B369-E705E0CF83F7}.Release|x64.ActiveCfg = Release|x64
		{065D7EBB-21B7-40A2-B369-E705E0CF83F7}.Release|x64.Build.0 = Release|x64
		{065D7EBB-21B7-40A2-B369-E705E0CF83F7}.Release|x86.ActiveCfg = Release|Win32
		{065D7EBB-21B7-40A2-B369-E705E0CF83F7}.Release|x86.Build.0 = Release|Win32
		{065D7EBB-21B7-40A2-B369-E705E0CF83F7}.ReleaseWithoutAsm|Itanium.ActiveCfg = Release|x64
		{065D7EBB-21B7-40A2-B369-E705E0CF83F7}.ReleaseWithoutAsm|Itanium.Build.0 = Release|x64
		{065D7EBB-21B7-40A2-B369-E705E0CF83F7}.ReleaseWithoutAsm|x64.ActiveCfg = Release|x64
		{065D7EBB-21B7-40A2-B369-E705E0CF83F7}.ReleaseWithoutAsm|x64.Build.0 = Release|x64
		{065D7EBB-21B7-40A2-B369-E705E0CF83F7}.ReleaseWithoutAsm|x86.ActiveCfg = Release|Win32
		{065D7EBB-21B7-40A2-B369-E705E0CF83F7}.ReleaseWithoutAsm|x86.Build.0 = Release|Win32
	EndGlobalSection
	GlobalSection(SolutionProperties) = preSolution
		HideSolutionNode = FALSE
	EndGlobalSection
	GlobalSection(ExtensibilityGlobals) = postSolution
		SolutionGuid = {278F2DFA-5400-4F63-B356-B917AA41C868}
	EndGlobalSection
EndGlobal
